
Microsoft Visual Studio Solution File, Format Version 12.00
# Visual Studio Version 17
VisualStudioVersion = 17.4.33403.182
MinimumVisualStudioVersion = 10.0.40219.1
Project("{FAE04EC0-301F-11D3-BF4B-00C04F79EFBC}") = "SaberInteractiveTask", "SaberInteractiveTask\SaberInteractiveTask.csproj", "{F408FBB0-BECB-4A79-BEB4-5E6CE09FE523}"
EndProject
Project("{FAE04EC0-301F-11D3-BF4B-00C04F79EFBC}") = "SaberInteractiveTask.Tests", "SaberInteractiveTask.Tests\SaberInteractiveTask.Tests.csproj", "{B9AFD2B6-55A7-418E-875C-E6952FBC1881}"
EndProject
Project("{FAE04EC0-301F-11D3-BF4B-00C04F79EFBC}") = "SaberInteractiveTask.TestApp", "SaberInteractiveTask.TestApp\SaberInteractiveTask.TestApp.csproj", "{EBEDFD3C-17BB-48E8-B7F7-3639A9457388}"
EndProject
Global
	GlobalSection(SolutionConfigurationPlatforms) = preSolution
		Debug|Any CPU = Debug|Any CPU
		Release|Any CPU = Release|Any CPU
	EndGlobalSection
	GlobalSection(ProjectConfigurationPlatforms) = postSolution
		{F408FBB0-BECB-4A79-BEB4-5E6CE09FE523}.Debug|Any CPU.ActiveCfg = Debug|Any CPU
		{F408FBB0-BECB-4A79-BEB4-5E6CE09FE523}.Debug|Any CPU.Build.0 = Debug|Any CPU
		{F408FBB0-BECB-4A79-BEB4-5E6CE09FE523}.Release|Any CPU.ActiveCfg = Release|Any CPU
		{F408FBB0-BECB-4A79-BEB4-5E6CE09FE523}.Release|Any CPU.Build.0 = Release|Any CPU
		{B9AFD2B6-55A7-418E-875C-E6952FBC1881}.Debug|Any CPU.ActiveCfg = Debug|Any CPU
		{B9AFD2B6-55A7-418E-875C-E6952FBC1881}.Debug|Any CPU.Build.0 = Debug|Any CPU
		{B9AFD2B6-55A7-418E-875C-E6952FBC1881}.Release|Any CPU.ActiveCfg = Release|Any CPU
		{B9AFD2B6-55A7-418E-875C-E6952FBC1881}.Release|Any CPU.Build.0 = Release|Any CPU
		{EBEDFD3C-17BB-48E8-B7F7-3639A9457388}.Debug|Any CPU.ActiveCfg = Debug|Any CPU
		{EBEDFD3C-17BB-48E8-B7F7-3639A9457388}.Debug|Any CPU.Build.0 = Debug|Any CPU
		{EBEDFD3C-17BB-48E8-B7F7-3639A9457388}.Release|Any CPU.ActiveCfg = Release|Any CPU
		{EBEDFD3C-17BB-48E8-B7F7-3639A9457388}.Release|Any CPU.Build.0 = Release|Any CPU
	EndGlobalSection
	GlobalSection(SolutionProperties) = preSolution
		HideSolutionNode = FALSE
	EndGlobalSection
	GlobalSection(ExtensibilityGlobals) = postSolution
		SolutionGuid = {35EFB4F1-6E68-42CA-BE2E-E57B95162201}
	EndGlobalSection
EndGlobal
